
Microsoft Visual Studio Solution File, Format Version 12.00
# Visual Studio Version 17
VisualStudioVersion = 17.2.32516.85
MinimumVisualStudioVersion = 10.0.40219.1
Project("{FAE04EC0-301F-11D3-BF4B-00C04F79EFBC}") = "RestaurantChainApp", "RestaurantChainApp\RestaurantChainApp.csproj", "{A521D26F-8064-4E3E-A933-C071068BD0B3}"
EndProject
Project("{FAE04EC0-301F-11D3-BF4B-00C04F79EFBC}") = "RestaurantChainApp.Unit.Tests", "RestaurantChainApp.Unit.Tests\RestaurantChainApp.Unit.Tests.csproj", "{81EE6D1E-50A8-431E-B213-DC77AF6A3841}"
EndProject
Project("{FAE04EC0-301F-11D3-BF4B-00C04F79EFBC}") = "RestaurantChainApp.Integration.Tests", "RestaurantChainApp.Integration.Tests\RestaurantChainApp.Integration.Tests.csproj", "{16C0D4BF-7FCF-48B4-BE29-3809175633A5}"
EndProject
Global
	GlobalSection(SolutionConfigurationPlatforms) = preSolution
		Debug|Any CPU = Debug|Any CPU
		Release|Any CPU = Release|Any CPU
	EndGlobalSection
	GlobalSection(ProjectConfigurationPlatforms) = postSolution
		{A521D26F-8064-4E3E-A933-C071068BD0B3}.Debug|Any CPU.ActiveCfg = Debug|Any CPU
		{A521D26F-8064-4E3E-A933-C071068BD0B3}.Debug|Any CPU.Build.0 = Debug|Any CPU
		{A521D26F-8064-4E3E-A933-C071068BD0B3}.Release|Any CPU.ActiveCfg = Release|Any CPU
		{A521D26F-8064-4E3E-A933-C071068BD0B3}.Release|Any CPU.Build.0 = Release|Any CPU
		{81EE6D1E-50A8-431E-B213-DC77AF6A3841}.Debug|Any CPU.ActiveCfg = Debug|Any CPU
		{81EE6D1E-50A8-431E-B213-DC77AF6A3841}.Debug|Any CPU.Build.0 = Debug|Any CPU
		{81EE6D1E-50A8-431E-B213-DC77AF6A3841}.Release|Any CPU.ActiveCfg = Release|Any CPU
		{81EE6D1E-50A8-431E-B213-DC77AF6A3841}.Release|Any CPU.Build.0 = Release|Any CPU
		{16C0D4BF-7FCF-48B4-BE29-3809175633A5}.Debug|Any CPU.ActiveCfg = Debug|Any CPU
		{16C0D4BF-7FCF-48B4-BE29-3809175633A5}.Debug|Any CPU.Build.0 = Debug|Any CPU
		{16C0D4BF-7FCF-48B4-BE29-3809175633A5}.Release|Any CPU.ActiveCfg = Release|Any CPU
		{16C0D4BF-7FCF-48B4-BE29-3809175633A5}.Release|Any CPU.Build.0 = Release|Any CPU
	EndGlobalSection
	GlobalSection(SolutionProperties) = preSolution
		HideSolutionNode = FALSE
	EndGlobalSection
	GlobalSection(ExtensibilityGlobals) = postSolution
		SolutionGuid = {4E2B51D0-F51D-4465-A072-9FDFC05BC2A8}
	EndGlobalSection
EndGlobal
